// !$*UTF8*$!
{
	archiveVersion = 1;
	classes = {
	};
	objectVersion = 50;
	objects = {

/* Begin PBXBuildFile section */
		661E628F22E9A6DC00F0BE1F /* main.m in Sources */ = {isa = PBXBuildFile; fileRef = 661E628E22E9A6DC00F0BE1F /* main.m */; };
		CD8013739924B73B415D9E4D /* Pods_demo1_pod_import.framework in Frameworks */ = {isa = PBXBuildFile; fileRef = C11BBB70EC1C16199B82CBE4 /* Pods_demo1_pod_import.framework */; };
/* End PBXBuildFile section */

/* Begin PBXCopyFilesBuildPhase section */
		661E628922E9A6DC00F0BE1F /* CopyFiles */ = {
			isa = PBXCopyFilesBuildPhase;
			buildActionMask = 2147483647;
			dstPath = /usr/share/man/man1/;
			dstSubfolderSpec = 0;
			files = (
			);
			runOnlyForDeploymentPostprocessing = 1;
		};
/* End PBXCopyFilesBuildPhase section */

/* Begin PBXFileReference section */
		661E628B22E9A6DC00F0BE1F /* demo1_pod_import */ = {isa = PBXFileReference; explicitFileType = "compiled.mach-o.executable"; includeInIndex = 0; path = demo1_pod_import; sourceTree = BUILT_PRODUCTS_DIR; };
		661E628E22E9A6DC00F0BE1F /* main.m */ = {isa = PBXFileReference; lastKnownFileType = sourcecode.c.objc; path = main.m; sourceTree = "<group>"; };
		7FFC65D6DCBF485EBE0CCD84 /* Pods-demo1_pod_import.debug.xcconfig */ = {isa = PBXFileReference; includeInIndex = 1; lastKnownFileType = text.xcconfig; name = "Pods-demo1_pod_import.debug.xcconfig"; path = "Pods/Target Support Files/Pods-demo1_pod_import/Pods-demo1_pod_import.debug.xcconfig"; sourceTree = "<group>"; };
		AA1503B1C99D98FB16CCAF55 /* Pods-demo1_pod_import.release.xcconfig */ = {isa = PBXFileReference; includeInIndex = 1; lastKnownFileType = text.xcconfig; name = "Pods-demo1_pod_import.release.xcconfig"; path = "Pods/Target Support Files/Pods-demo1_pod_import/Pods-demo1_pod_import.release.xcconfig"; sourceTree = "<group>"; };
		C11BBB70EC1C16199B82CBE4 /* Pods_demo1_pod_import.framework */ = {isa = PBXFileReference; explicitFileType = wrapper.framework; includeInIndex = 0; path = Pods_demo1_pod_import.framework; sourceTree = BUILT_PRODUCTS_DIR; };
/* End PBXFileReference section */

/* Begin PBXFrameworksBuildPhase section */
		661E628822E9A6DC00F0BE1F /* Frameworks */ = {
			isa = PBXFrameworksBuildPhase;
			buildActionMask = 2147483647;
			files = (
				CD8013739924B73B415D9E4D /* Pods_demo1_pod_import.framework in Frameworks */,
			);
			runOnlyForDeploymentPostprocessing = 0;
		};
/* End PBXFrameworksBuildPhase section */

/* Begin PBXGroup section */
		0BBCD0388802EED6A936FEB5 /* Frameworks */ = {
			isa = PBXGroup;
			children = (
				C11BBB70EC1C16199B82CBE4 /* Pods_demo1_pod_import.framework */,
			);
			name = Frameworks;
			sourceTree = "<group>";
		};
		4030D9BFB6D418089660CA7E /* Pods */ = {
			isa = PBXGroup;
			children = (
				7FFC65D6DCBF485EBE0CCD84 /* Pods-demo1_pod_import.debug.xcconfig */,
				AA1503B1C99D98FB16CCAF55 /* Pods-demo1_pod_import.release.xcconfig */,
			);
			name = Pods;
			sourceTree = "<group>";
		};
		661E628222E9A6DC00F0BE1F = {
			isa = PBXGroup;
			children = (
				661E628D22E9A6DC00F0BE1F /* demo1_pod_import */,
				661E628C22E9A6DC00F0BE1F /* Products */,
				4030D9BFB6D418089660CA7E /* Pods */,
				0BBCD0388802EED6A936FEB5 /* Frameworks */,
			);
			sourceTree = "<group>";
		};
		661E628C22E9A6DC00F0BE1F /* Products */ = {
			isa = PBXGroup;
			children = (
				661E628B22E9A6DC00F0BE1F /* demo1_pod_import */,
			);
			name = Products;
			sourceTree = "<group>";
		};
		661E628D22E9A6DC00F0BE1F /* demo1_pod_import */ = {
			isa = PBXGroup;
			children = (
				661E628E22E9A6DC00F0BE1F /* main.m */,
			);
			path = demo1_pod_import;
			sourceTree = "<group>";
		};
/* End PBXGroup section */

/* Begin PBXNativeTarget section */
		661E628A22E9A6DC00F0BE1F /* demo1_pod_import */ = {
			isa = PBXNativeTarget;
			buildConfigurationList = 661E629222E9A6DC00F0BE1F /* Build configuration list for PBXNativeTarget "demo1_pod_import" */;
			buildPhases = (
				1B50A36383D1EA44A4CEBC1F /* [CP] Check Pods Manifest.lock */,
				661E628722E9A6DC00F0BE1F /* Sources */,
				661E628822E9A6DC00F0BE1F /* Frameworks */,
				661E628922E9A6DC00F0BE1F /* CopyFiles */,
			);
			buildRules = (
			);
			dependencies = (
			);
			name = demo1_pod_import;
			productName = demo1_pod_import;
			productReference = 661E628B22E9A6DC00F0BE1F /* demo1_pod_import */;
			productType = "com.apple.product-type.tool";
		};
/* End PBXNativeTarget section */

/* Begin PBXProject section */
		661E628322E9A6DC00F0BE1F /* Project object */ = {
			isa = PBXProject;
			attributes = {
				LastUpgradeCheck = 1030;
				ORGANIZATIONNAME = yuhao;
				TargetAttributes = {
					661E628A22E9A6DC00F0BE1F = {
						CreatedOnToolsVersion = 10.3;
					};
				};
			};
			buildConfigurationList = 661E628622E9A6DC00F0BE1F /* Build configuration list for PBXProject "demo1_pod_import" */;
			compatibilityVersion = "Xcode 9.3";
			developmentRegion = en;
			hasScannedForEncodings = 0;
			knownRegions = (
				en,
			);
			mainGroup = 661E628222E9A6DC00F0BE1F;
			productRefGroup = 661E628C22E9A6DC00F0BE1F /* Products */;
			projectDirPath = "";
			projectRoot = "";
			targets = (
				661E628A22E9A6DC00F0BE1F /* demo1_pod_import */,
			);
		};
/* End PBXProject section */

/* Begin PBXShellScriptBuildPhase section */
		1B50A36383D1EA44A4CEBC1F /* [CP] Check Pods Manifest.lock */ = {
			isa = PBXShellScriptBuildPhase;
			buildActionMask = 2147483647;
			files = (
			);
			inputFileListPaths = (
			);
			inputPaths = (
				"${PODS_PODFILE_DIR_PATH}/Podfile.lock",
				"${PODS_ROOT}/Manifest.lock",
			);
			name = "[CP] Check Pods Manifest.lock";
			outputFileListPaths = (
			);
			outputPaths = (
				"$(DERIVED_FILE_DIR)/Pods-demo1_pod_import-checkManifestLockResult.txt",
			);
			runOnlyForDeploymentPostprocessing = 0;
			shellPath = /bin/sh;
			shellScript = "diff \"${PODS_PODFILE_DIR_PATH}/Podfile.lock\" \"${PODS_ROOT}/Manifest.lock\" > /dev/null\nif [ $? != 0 ] ; then\n    # print error to STDERR\n    echo \"error: The sandbox is not in sync with the Podfile.lock. Run 'pod install' or update your CocoaPods installation.\" >&2\n    exit 1\nfi\n# This output is used by Xcode 'outputs' to avoid re-running this script phase.\necho \"SUCCESS\" > \"${SCRIPT_OUTPUT_FILE_0}\"\n";
			showEnvVarsInLog = 0;
		};
/* End PBXShellScriptBuildPhase section */

/* Begin PBXSourcesBuildPhase section */
		661E628722E9A6DC00F0BE1F /* Sources */ = {
			isa = PBXSourcesBuildPhase;
			buildActionMask = 2147483647;
			files = (
				661E628F22E9A6DC00F0BE1F /* main.m in Sources */,
			);
			runOnlyForDeploymentPostprocessing = 0;
		};
/* End PBXSourcesBuildPhase section */

/* Begin XCBuildConfiguration section */
		661E629022E9A6DC00F0BE1F /* Debug */ = {
			isa = XCBuildConfiguration;
			buildSettings = {
				ALWAYS_SEARCH_USER_PATHS = NO;
				CLANG_ANALYZER_NONNULL = YES;
				CLANG_ANALYZER_NUMBER_OBJECT_CONVERSION = YES_AGGRESSIVE;
				CLANG_CXX_LANGUAGE_STANDARD = "gnu++14";
				CLANG_CXX_LIBRARY = "libc++";
				CLANG_ENABLE_MODULES = YES;
				CLANG_ENABLE_OBJC_ARC = YES;
				CLANG_ENABLE_OBJC_WEAK = YES;
				CLANG_WARN_BLOCK_CAPTURE_AUTORELEASING = YES;
				CLANG_WARN_BOOL_CONVERSION = YES;
				CLANG_WARN_COMMA = YES;
				CLANG_WARN_CONSTANT_CONVERSION = YES;
				CLANG_WARN_DEPRECATED_OBJC_IMPLEMENTATIONS = YES;
				CLANG_WARN_DIRECT_OBJC_ISA_USAGE = YES_ERROR;
				CLANG_WARN_DOCUMENTATION_COMMENTS = YES;
				CLANG_WARN_EMPTY_BODY = YES;
				CLANG_WARN_ENUM_CONVERSION = YES;
				CLANG_WARN_INFINITE_RECURSION = YES;
				CLANG_WARN_INT_CONVERSION = YES;
				CLANG_WARN_NON_LITERAL_NULL_CONVERSION = YES;
				CLANG_WARN_OBJC_IMPLICIT_RETAIN_SELF = YES;
				CLANG_WARN_OBJC_LITERAL_CONVERSION = YES;
				CLANG_WARN_OBJC_ROOT_CLASS = YES_ERROR;
				CLANG_WARN_RANGE_LOOP_ANALYSIS = YES;
				CLANG_WARN_STRICT_PROTOTYPES = YES;
				CLANG_WARN_SUSPICIOUS_MOVE = YES;
				CLANG_WARN_UNGUARDED_AVAILABILITY = YES_AGGRESSIVE;
				CLANG_WARN_UNREACHABLE_CODE = YES;
				CLANG_WARN__DUPLICATE_METHOD_MATCH = YES;
				CODE_SIGN_IDENTITY = "Mac Developer";
				COPY_PHASE_STRIP = NO;
				DEBUG_INFORMATION_FORMAT = dwarf;
				ENABLE_STRICT_OBJC_MSGSEND = YES;
				ENABLE_TESTABILITY = YES;
				GCC_C_LANGUAGE_STANDARD = gnu11;
				GCC_DYNAMIC_NO_PIC = NO;
				GCC_NO_COMMON_BLOCKS = YES;
				GCC_OPTIMIZATION_LEVEL = 0;
				GCC_PREPROCESSOR_DEFINITIONS = (
					"DEBUG=1",
					"$(inherited)",
				);
				GCC_WARN_64_TO_32_BIT_CONVERSION = YES;
				GCC_WARN_ABOUT_RETURN_TYPE = YES_ERROR;
				GCC_WARN_UNDECLARED_SELECTOR = YES;
				GCC_WARN_UNINITIALIZED_AUTOS = YES_AGGRESSIVE;
				GCC_WARN_UNUSED_FUNCTION = YES;
				GCC_WARN_UNUSED_VARIABLE = YES;
				MACOSX_DEPLOYMENT_TARGET = 10.14;
				MTL_ENABLE_DEBUG_INFO = INCLUDE_SOURCE;
				MTL_FAST_MATH = YES;
				ONLY_ACTIVE_ARCH = YES;
				SDKROOT = macosx;
			};
			name = Debug;
		};
		661E629122E9A6DC00F0BE1F /* Release */ = {
			isa = XCBuildConfiguration;
			buildSettings = {
				ALWAYS_SEARCH_USER_PATHS = NO;
				CLANG_ANALYZER_NONNULL = YES;
				CLANG_ANALYZER_NUMBER_OBJECT_CONVERSION = YES_AGGRESSIVE;
				CLANG_CXX_LANGUAGE_STANDARD = "gnu++14";
				CLANG_CXX_LIBRARY = "libc++";
				CLANG_ENABLE_MODULES = YES;
				CLANG_ENABLE_OBJC_ARC = YES;
				CLANG_ENABLE_OBJC_WEAK = YES;
				CLANG_WARN_BLOCK_CAPTURE_AUTORELEASING = YES;
				CLANG_WARN_BOOL_CONVERSION = YES;
				CLANG_WARN_COMMA = YES;
				CLANG_WARN_CONSTANT_CONVERSION = YES;
				CLANG_WARN_DEPRECATED_OBJC_IMPLEMENTATIONS = YES;
				CLANG_WARN_DIRECT_OBJC_ISA_USAGE = YES_ERROR;
				CLANG_WARN_DOCUMENTATION_COMMENTS = YES;
				CLANG_WARN_EMPTY_BODY = YES;
				CLANG_WARN_ENUM_CONVERSION = YES;
				CLANG_WARN_INFINITE_RECURSION = YES;
				CLANG_WARN_INT_CONVERSION = YES;
				CLANG_WARN_NON_LITERAL_NULL_CONVERSION = YES;
				CLANG_WARN_OBJC_IMPLICIT_RETAIN_SELF = YES;
				CLANG_WARN_OBJC_LITERAL_CONVERSION = YES;
				CLANG_WARN_OBJC_ROOT_CLASS = YES_ERROR;
				CLANG_WARN_RANGE_LOOP_ANALYSIS = YES;
				CLANG_WARN_STRICT_PROTOTYPES = YES;
				CLANG_WARN_SUSPICIOUS_MOVE = YES;
				CLANG_WARN_UNGUARDED_AVAILABILITY = YES_AGGRESSIVE;
				CLANG_WARN_UNREACHABLE_CODE = YES;
				CLANG_WARN__DUPLICATE_METHOD_MATCH = YES;
				CODE_SIGN_IDENTITY = "Mac Developer";
				COPY_PHASE_STRIP = NO;
				DEBUG_INFORMATION_FORMAT = "dwarf-with-dsym";
				ENABLE_NS_ASSERTIONS = NO;
				ENABLE_STRICT_OBJC_MSGSEND = YES;
				GCC_C_LANGUAGE_STANDARD = gnu11;
				GCC_NO_COMMON_BLOCKS = YES;
				GCC_WARN_64_TO_32_BIT_CONVERSION = YES;
				GCC_WARN_ABOUT_RETURN_TYPE = YES_ERROR;
				GCC_WARN_UNDECLARED_SELECTOR = YES;
				GCC_WARN_UNINITIALIZED_AUTOS = YES_AGGRESSIVE;
				GCC_WARN_UNUSED_FUNCTION = YES;
				GCC_WARN_UNUSED_VARIABLE = YES;
				MACOSX_DEPLOYMENT_TARGET = 10.14;
				MTL_ENABLE_DEBUG_INFO = NO;
				MTL_FAST_MATH = YES;
				SDKROOT = macosx;
			};
			name = Release;
		};
		661E629322E9A6DC00F0BE1F /* Debug */ = {
			isa = XCBuildConfiguration;
			baseConfigurationReference = 7FFC65D6DCBF485EBE0CCD84 /* Pods-demo1_pod_import.debug.xcconfig */;
			buildSettings = {
				CODE_SIGN_STYLE = Automatic;
				DEVELOPMENT_TEAM = X8J7PUZJGU;
				PRODUCT_NAME = "$(TARGET_NAME)";
			};
			name = Debug;
		};
		661E629422E9A6DC00F0BE1F /* Release */ = {
			isa = XCBuildConfiguration;
			baseConfigurationReference = AA1503B1C99D98FB16CCAF55 /* Pods-demo1_pod_import.release.xcconfig */;
			buildSettings = {
				CODE_SIGN_STYLE = Automatic;
				DEVELOPMENT_TEAM = X8J7PUZJGU;
				PRODUCT_NAME = "$(TARGET_NAME)";
			};
			name = Release;
		};
/* End XCBuildConfiguration section */

/* Begin XCConfigurationList section */
		661E628622E9A6DC00F0BE1F /* Build configuration list for PBXProject "demo1_pod_import" */ = {
			isa = XCConfigurationList;
			buildConfigurations = (
				661E629022E9A6DC00F0BE1F /* Debug */,
				661E629122E9A6DC00F0BE1F /* Release */,
			);
			defaultConfigurationIsVisible = 0;
			defaultConfigurationName = Release;
		};
		661E629222E9A6DC00F0BE1F /* Build configuration list for PBXNativeTarget "demo1_pod_import" */ = {
			isa = XCConfigurationList;
			buildConfigurations = (
				661E629322E9A6DC00F0BE1F /* Debug */,
				661E629422E9A6DC00F0BE1F /* Release */,
			);
			defaultConfigurationIsVisible = 0;
			defaultConfigurationName = Release;
		};
/* End XCConfigurationList section */
	};
	rootObject = 661E628322E9A6DC00F0BE1F /* Project object */;
}
